{
    "_readme": [
        "This file locks the dependencies of your project to a known state",
        "Read more about it at http://getcomposer.org/doc/01-basic-usage.md#composer-lock-the-lock-file",
        "This file is @generated automatically"
    ],
    "hash": "5dfcd2eeb99458aeb4b37767ec39a3e9",
    "packages": [
        {
            "name": "esperance/esperance",
            "version": "dev-use_dumpling",
            "source": {
                "type": "git",
                "url": "https://github.com/jacobstr/esperance.git",
                "reference": "e1f7ce454fa8fb6a6ff571f35c6f6cab45aef75a"
            },
            "dist": {
                "type": "zip",
                "url": "https://api.github.com/repos/jacobstr/esperance/zipball/e1f7ce454fa8fb6a6ff571f35c6f6cab45aef75a",
                "reference": "e1f7ce454fa8fb6a6ff571f35c6f6cab45aef75a",
                "shasum": ""
            },
            "require": {
                "evenement/evenement": "1.*",
                "jacobstr/dumpling": "dev-master",
                "php": ">=5.3.2"
            },
            "type": "library",
            "autoload": {
                "psr-0": {
                    "Esperance": "src"
                }
            },
            "license": [
                "MIT"
            ],
            "description": "BDD style assertion library for PHP.",
            "keywords": [
                "assertion",
                "bdd",
                "tdd"
            ],
            "support": {
                "source": "https://github.com/jacobstr/esperance/tree/master"
            },
            "time": "2014-05-09 08:42:09"
        },
        {
            "name": "evenement/evenement",
            "version": "v1.0.0",
            "source": {
                "type": "git",
                "url": "https://github.com/igorw/evenement.git",
                "reference": "fa966683e7df3e5dd5929d984a44abfbd6bafe8d"
            },
            "dist": {
                "type": "zip",
                "url": "https://api.github.com/repos/igorw/evenement/zipball/fa966683e7df3e5dd5929d984a44abfbd6bafe8d",
                "reference": "fa966683e7df3e5dd5929d984a44abfbd6bafe8d",
                "shasum": ""
            },
            "require": {
                "php": ">=5.3.0"
            },
            "type": "library",
            "autoload": {
                "psr-0": {
                    "Evenement": "src"
                }
            },
            "notification-url": "https://packagist.org/downloads/",
            "license": [
                "MIT"
            ],
            "authors": [
                {
                    "name": "Igor Wiedler",
                    "email": "igor@wiedler.ch",
                    "homepage": "http://wiedler.ch/igor/"
                }
            ],
            "description": "Événement is a very simple event dispatching library for PHP 5.3",
            "keywords": [
                "event-dispatcher"
            ],
            "time": "2012-05-30 15:01:08"
        },
        {
            "name": "jacobstr/dumpling",
            "version": "dev-master",
            "source": {
                "type": "git",
                "url": "https://github.com/jacobstr/dumpling.git",
                "reference": "b66da47438277f641cd570eb8e2079df0c07f2bb"
            },
            "dist": {
                "type": "zip",
                "url": "https://api.github.com/repos/jacobstr/dumpling/zipball/b66da47438277f641cd570eb8e2079df0c07f2bb",
                "reference": "b66da47438277f641cd570eb8e2079df0c07f2bb",
                "shasum": ""
            },
            "require-dev": {
                "phpunit/phpunit": "3.7.*"
            },
            "type": "library",
            "autoload": {
                "psr-4": {
                    "Dumpling\\": "src"
                }
            },
            "notification-url": "https://packagist.org/downloads/",
            "license": [
                "MIT"
            ],
            "authors": [
                {
                    "name": "jacobstr",
                    "email": "jacobstr@gmail.com"
                }
            ],
            "description": "Like print_r, but depth limited and cyclic reference safe.",
            "time": "2014-05-10 03:22:52"
        },
        {
            "name": "mockery/mockery",
            "version": "dev-master",
            "source": {
                "type": "git",
                "url": "https://github.com/padraic/mockery.git",
                "reference": "9e4914ac854fc0d900f93621a989e191eaafc7b8"
            },
            "dist": {
                "type": "zip",
                "url": "https://api.github.com/repos/padraic/mockery/zipball/9e4914ac854fc0d900f93621a989e191eaafc7b8",
                "reference": "9e4914ac854fc0d900f93621a989e191eaafc7b8",
                "shasum": ""
            },
            "require": {
                "lib-pcre": ">=7.0",
                "php": ">=5.3.2"
            },
            "require-dev": {
                "hamcrest/hamcrest-php": "~1.1",
                "phpunit/phpunit": "~4.0",
                "satooshi/php-coveralls": "~0.7@dev"
            },
            "type": "library",
            "extra": {
                "branch-alias": {
                    "dev-master": "0.9.x-dev"
                }
            },
            "autoload": {
                "psr-0": {
                    "Mockery": "library/"
                }
            },
            "notification-url": "https://packagist.org/downloads/",
            "license": [
                "BSD-3-Clause"
            ],
            "authors": [
                {
                    "name": "Pádraic Brady",
                    "email": "padraic.brady@gmail.com",
                    "homepage": "http://blog.astrumfutura.com"
                },
                {
                    "name": "Dave Marshall",
                    "email": "dave.marshall@atstsolutions.co.uk",
                    "homepage": "http://davedevelopment.co.uk"
                }
            ],
            "description": "Mockery is a simple yet flexible PHP mock object framework for use in unit testing with PHPUnit, PHPSpec or any other testing framework. Its core goal is to offer a test double framework with a succint API capable of clearly defining all possible object operations and interactions using a human readable Domain Specific Language (DSL). Designed as a drop in alternative to PHPUnit's phpunit-mock-objects library, Mockery is easy to integrate with PHPUnit and can operate alongside phpunit-mock-objects without the World ending.",
            "homepage": "http://github.com/padraic/mockery",
            "keywords": [
                "BDD",
                "TDD",
                "library",
                "mock",
                "mock objects",
                "mockery",
                "stub",
                "test",
                "test double",
                "testing"
            ],
            "time": "2014-05-19 08:14:43"
        },
        {
            "name": "symfony/console",
            "version": "dev-master",
            "target-dir": "Symfony/Component/Console",
            "source": {
                "type": "git",
                "url": "https://github.com/symfony/Console.git",
                "reference": "402f7d86b1073498812cfa5466132aa190183575"
            },
            "dist": {
                "type": "zip",
                "url": "https://api.github.com/repos/symfony/Console/zipball/402f7d86b1073498812cfa5466132aa190183575",
                "reference": "402f7d86b1073498812cfa5466132aa190183575",
                "shasum": ""
            },
            "require": {
                "php": ">=5.3.3"
            },
            "require-dev": {
                "psr/log": "~1.0",
                "symfony/event-dispatcher": "~2.1"
            },
            "suggest": {
                "psr/log": "For using the console logger",
                "symfony/event-dispatcher": ""
            },
            "type": "library",
            "extra": {
                "branch-alias": {
                    "dev-master": "2.6-dev"
                }
            },
            "autoload": {
                "psr-0": {
                    "Symfony\\Component\\Console\\": ""
                }
            },
            "notification-url": "https://packagist.org/downloads/",
            "license": [
                "MIT"
            ],
            "authors": [
                {
                    "name": "Fabien Potencier",
                    "email": "fabien@symfony.com",
                    "homepage": "http://fabien.potencier.org",
                    "role": "Lead Developer"
                },
                {
                    "name": "Symfony Community",
                    "homepage": "http://symfony.com/contributors"
                }
            ],
            "description": "Symfony Console Component",
            "homepage": "http://symfony.com",
            "time": "2014-05-23 14:36:49"
        }
    ],
    "packages-dev": [],
    "aliases": [],
    "minimum-stability": "dev",
    "stability-flags": {
        "esperance/esperance": 20,
        "jacobstr/dumpling": 20,
        "mockery/mockery": 20,
        "symfony/console": 20
    },
    "platform": [],
    "platform-dev": []
}
