{
    "_readme": [
        "This file locks the dependencies of your project to a known state",
        "Read more about it at http://getcomposer.org/doc/01-basic-usage.md#composer-lock-the-lock-file",
        "This file is @generated automatically"
    ],
    "hash": "b91e9d06bba8b995569a72fbe43a65d4",
    "packages": [
        {
            "name": "evenement/evenement",
            "version": "v1.0.0",
            "source": {
                "type": "git",
                "url": "https://github.com/igorw/evenement.git",
                "reference": "fa966683e7df3e5dd5929d984a44abfbd6bafe8d"
            },
            "dist": {
                "type": "zip",
                "url": "https://api.github.com/repos/igorw/evenement/zipball/fa966683e7df3e5dd5929d984a44abfbd6bafe8d",
                "reference": "fa966683e7df3e5dd5929d984a44abfbd6bafe8d",
                "shasum": ""
            },
            "require": {
                "php": ">=5.3.0"
            },
            "type": "library",
            "autoload": {
                "psr-0": {
                    "Evenement": "src"
                }
            },
            "notification-url": "https://packagist.org/downloads/",
            "license": [
                "MIT"
            ],
            "authors": [
                {
                    "name": "Igor Wiedler",
                    "email": "igor@wiedler.ch",
                    "homepage": "http://wiedler.ch/igor/"
                }
            ],
            "description": "Événement is a very simple event dispatching library for PHP 5.3",
            "keywords": [
                "event-dispatcher"
            ],
            "time": "2012-05-30 15:01:08"
        },
        {
            "name": "jacobstr/dumpling",
            "version": "v0.0.3",
            "source": {
                "type": "git",
                "url": "https://github.com/jacobstr/dumpling.git",
                "reference": "b66da47438277f641cd570eb8e2079df0c07f2bb"
            },
            "dist": {
                "type": "zip",
                "url": "https://api.github.com/repos/jacobstr/dumpling/zipball/b66da47438277f641cd570eb8e2079df0c07f2bb",
                "reference": "b66da47438277f641cd570eb8e2079df0c07f2bb",
                "shasum": ""
            },
            "require-dev": {
                "phpunit/phpunit": "3.7.*"
            },
            "type": "library",
            "autoload": {
                "psr-4": {
                    "Dumpling\\": "src"
                }
            },
            "notification-url": "https://packagist.org/downloads/",
            "license": [
                "MIT"
            ],
            "authors": [
                {
                    "name": "jacobstr",
                    "email": "jacobstr@gmail.com"
                }
            ],
            "description": "Like print_r, but depth limited and cyclic reference safe.",
            "time": "2014-05-10 03:22:52"
        },
        {
            "name": "jacobstr/esperance",
            "version": "v0.1.2",
            "source": {
                "type": "git",
                "url": "https://github.com/jacobstr/esperance.git",
                "reference": "c60bba80423badebb0902a1998d8fce7bc1dc500"
            },
            "dist": {
                "type": "zip",
                "url": "https://api.github.com/repos/jacobstr/esperance/zipball/c60bba80423badebb0902a1998d8fce7bc1dc500",
                "reference": "c60bba80423badebb0902a1998d8fce7bc1dc500",
                "shasum": ""
            },
            "require": {
                "evenement/evenement": "~1.0",
                "jacobstr/dumpling": "~0.0.3",
                "php": ">=5.3.2"
            },
            "type": "library",
            "autoload": {
                "psr-0": {
                    "Esperance": "src"
                }
            },
            "notification-url": "https://packagist.org/downloads/",
            "license": [
                "MIT"
            ],
            "description": "BDD style assertion library for PHP.",
            "keywords": [
                "BDD",
                "TDD",
                "assertion"
            ],
            "time": "2014-07-25 00:16:29"
        },
        {
            "name": "symfony/console",
            "version": "v2.5.4",
            "target-dir": "Symfony/Component/Console",
            "source": {
                "type": "git",
                "url": "https://github.com/symfony/Console.git",
                "reference": "748beed2a1e73179c3f5154d33fe6ae100c1aeb1"
            },
            "dist": {
                "type": "zip",
                "url": "https://api.github.com/repos/symfony/Console/zipball/748beed2a1e73179c3f5154d33fe6ae100c1aeb1",
                "reference": "748beed2a1e73179c3f5154d33fe6ae100c1aeb1",
                "shasum": ""
            },
            "require": {
                "php": ">=5.3.3"
            },
            "require-dev": {
                "psr/log": "~1.0",
                "symfony/event-dispatcher": "~2.1"
            },
            "suggest": {
                "psr/log": "For using the console logger",
                "symfony/event-dispatcher": ""
            },
            "type": "library",
            "extra": {
                "branch-alias": {
                    "dev-master": "2.5-dev"
                }
            },
            "autoload": {
                "psr-0": {
                    "Symfony\\Component\\Console\\": ""
                }
            },
            "notification-url": "https://packagist.org/downloads/",
            "license": [
                "MIT"
            ],
            "authors": [
                {
                    "name": "Symfony Community",
                    "homepage": "http://symfony.com/contributors"
                },
                {
                    "name": "Fabien Potencier",
                    "email": "fabien@symfony.com"
                }
            ],
            "description": "Symfony Console Component",
            "homepage": "http://symfony.com",
            "time": "2014-08-14 16:10:54"
        }
    ],
    "packages-dev": [
        {
            "name": "mockery/mockery",
            "version": "dev-master",
            "source": {
                "type": "git",
                "url": "https://github.com/padraic/mockery.git",
                "reference": "1b3b265a904cab6f28b72684d7d62abade836e25"
            },
            "dist": {
                "type": "zip",
                "url": "https://api.github.com/repos/padraic/mockery/zipball/1b3b265a904cab6f28b72684d7d62abade836e25",
                "reference": "1b3b265a904cab6f28b72684d7d62abade836e25",
                "shasum": ""
            },
            "require": {
                "lib-pcre": ">=7.0",
                "php": ">=5.3.2"
            },
            "require-dev": {
                "hamcrest/hamcrest-php": "~1.1",
                "phpunit/phpunit": "~4.0",
                "satooshi/php-coveralls": "~0.7@dev"
            },
            "type": "library",
            "extra": {
                "branch-alias": {
                    "dev-master": "0.9.x-dev"
                }
            },
            "autoload": {
                "psr-0": {
                    "Mockery": "library/"
                }
            },
            "notification-url": "https://packagist.org/downloads/",
            "license": [
                "BSD-3-Clause"
            ],
            "authors": [
                {
                    "name": "Pádraic Brady",
                    "email": "padraic.brady@gmail.com",
                    "homepage": "http://blog.astrumfutura.com"
                },
                {
                    "name": "Dave Marshall",
                    "email": "dave.marshall@atstsolutions.co.uk",
                    "homepage": "http://davedevelopment.co.uk"
                }
            ],
            "description": "Mockery is a simple yet flexible PHP mock object framework for use in unit testing with PHPUnit, PHPSpec or any other testing framework. Its core goal is to offer a test double framework with a succint API capable of clearly defining all possible object operations and interactions using a human readable Domain Specific Language (DSL). Designed as a drop in alternative to PHPUnit's phpunit-mock-objects library, Mockery is easy to integrate with PHPUnit and can operate alongside phpunit-mock-objects without the World ending.",
            "homepage": "http://github.com/padraic/mockery",
            "keywords": [
                "BDD",
                "TDD",
                "library",
                "mock",
                "mock objects",
                "mockery",
                "stub",
                "test",
                "test double",
                "testing"
            ],
            "time": "2014-07-23 18:59:52"
        },
        {
            "name": "mover-io/belt",
            "version": "dev-master",
            "source": {
                "type": "git",
                "url": "https://github.com/mover-io/belt.git",
                "reference": "6706db677dcbf439cfe36687a0ca71b0fae20f7b"
            },
            "dist": {
                "type": "zip",
                "url": "https://api.github.com/repos/mover-io/belt/zipball/6706db677dcbf439cfe36687a0ca71b0fae20f7b",
                "reference": "6706db677dcbf439cfe36687a0ca71b0fae20f7b",
                "shasum": ""
            },
            "require-dev": {
                "mover-io/phpusable-phpunit": "dev-master"
            },
            "type": "library",
            "autoload": {
                "psr-4": {
                    "Belt\\": "lib/"
                }
            },
            "notification-url": "https://packagist.org/downloads/",
            "license": [
                "MIT"
            ],
            "authors": [
                {
                    "name": "Jacob Straszynski",
                    "homepage": "https://github.com/jacobstr"
                }
            ],
            "description": "A utility belt",
            "time": "2014-09-19 19:15:26"
        }
    ],
    "aliases": [],
    "minimum-stability": "stable",
    "stability-flags": {
        "mockery/mockery": 20,
        "mover-io/belt": 20
    },
    "prefer-stable": false,
    "platform": [],
    "platform-dev": []
}
